
Microsoft Visual Studio Solution File, Format Version 12.00
# Visual Studio Version 17
VisualStudioVersion = 17.0.31903.59
MinimumVisualStudioVersion = 10.0.40219.1
Project("{FAE04EC0-301F-11D3-BF4B-00C04F79EFBC}") = "MoveTo_3583ae70fa", "MoveTo_3583ae70fa\MoveTo_3583ae70fa.csproj", "{EAA2C490-1267-4192-A004-17270D3998CE}"
EndProject
Global
	GlobalSection(SolutionConfigurationPlatforms) = preSolution
		Debug|Any CPU = Debug|Any CPU
		Release|Any CPU = Release|Any CPU
	EndGlobalSection
	GlobalSection(SolutionProperties) = preSolution
		HideSolutionNode = FALSE
	EndGlobalSection
	GlobalSection(ProjectConfigurationPlatforms) = postSolution
		{EAA2C490-1267-4192-A004-17270D3998CE}.Debug|Any CPU.ActiveCfg = Debug|Any CPU
		{EAA2C490-1267-4192-A004-17270D3998CE}.Debug|Any CPU.Build.0 = Debug|Any CPU
		{EAA2C490-1267-4192-A004-17270D3998CE}.Release|Any CPU.ActiveCfg = Release|Any CPU
		{EAA2C490-1267-4192-A004-17270D3998CE}.Release|Any CPU.Build.0 = Release|Any CPU
	EndGlobalSection
EndGlobal
